{
  "name": "@worker-tools/encrypted-cookie-store",
  "version": "0.1.1",
  "lockfileVersion": 2,
  "requires": true,
  "packages": {
    "": {
      "name": "@worker-tools/encrypted-cookie-store",
      "version": "0.1.1",
      "license": "MIT",
      "dependencies": {
        "base64-encoding": "^0.14.3",
        "cookie-store-interface": "^0.1.0",
        "typed-array-utils": "^0.2.2",
        "uuid-class": "^0.12.3"
      },
      "devDependencies": {
        "typescript": "^4.0.3"
      }
    },
    "node_modules/base64-encoding": {
      "version": "0.14.3",
      "resolved": "https://registry.npmjs.org/base64-encoding/-/base64-encoding-0.14.3.tgz",
      "integrity": "sha512-/MvpDArLNYsPwwDAfDadL5OMZjWHlPIdsA8iZWN2A/p+ml6f3CtIODBxH21PdtTirKGfjjjp2CGpfGvdyGQJiQ=="
    },
    "node_modules/cookie-store-interface": {
      "version": "0.1.0",
      "resolved": "https://registry.npmjs.org/cookie-store-interface/-/cookie-store-interface-0.1.0.tgz",
      "integrity": "sha512-OeXBhVSy302dWeaGacSMktswutpU6uxCtjnh/G8BKS9yQn765z0MiJAbSsbmXeA5/7sH5RkYcAjZoe4dGga8rg=="
    },
    "node_modules/typed-array-utils": {
      "version": "0.2.2",
      "resolved": "https://registry.npmjs.org/typed-array-utils/-/typed-array-utils-0.2.2.tgz",
      "integrity": "sha512-xq2oNAgDAZKsmzu7KQXDe9cLKiOYZn+6h5VMzcg1BmiiGPlCxMu1mh+tiWzydfIFGdNBs8/WS78ZPkTdHhnxlg=="
    },
    "node_modules/typescript": {
      "version": "4.2.2",
      "resolved": "https://registry.npmjs.org/typescript/-/typescript-4.2.2.tgz",
      "integrity": "sha512-tbb+NVrLfnsJy3M59lsDgrzWIflR4d4TIUjz+heUnHZwdF7YsrMTKoRERiIvI2lvBG95dfpLxB21WZhys1bgaQ==",
      "dev": true,
      "bin": {
        "tsc": "bin/tsc",
        "tsserver": "bin/tsserver"
      },
      "engines": {
        "node": ">=4.2.0"
      }
    },
    "node_modules/uuid-class": {
      "version": "0.12.3",
      "resolved": "https://registry.npmjs.org/uuid-class/-/uuid-class-0.12.3.tgz",
      "integrity": "sha512-3abIxjBzDw9hh7gyf6IiIctCRdYEhJiYp4KldsbLvt4aVQVIQF9xu8pLqBS44QI2qiS3F+MydAqqNqXXe0wKcw==",
      "dependencies": {
        "typed-array-utils": "^0.2.2"
      },
      "engines": {
        "node": ">=10"
      }
    }
  },
  "dependencies": {
    "base64-encoding": {
      "version": "0.14.3",
      "resolved": "https://registry.npmjs.org/base64-encoding/-/base64-encoding-0.14.3.tgz",
      "integrity": "sha512-/MvpDArLNYsPwwDAfDadL5OMZjWHlPIdsA8iZWN2A/p+ml6f3CtIODBxH21PdtTirKGfjjjp2CGpfGvdyGQJiQ=="
    },
    "cookie-store-interface": {
      "version": "0.1.0",
      "resolved": "https://registry.npmjs.org/cookie-store-interface/-/cookie-store-interface-0.1.0.tgz",
      "integrity": "sha512-OeXBhVSy302dWeaGacSMktswutpU6uxCtjnh/G8BKS9yQn765z0MiJAbSsbmXeA5/7sH5RkYcAjZoe4dGga8rg=="
    },
    "typed-array-utils": {
      "version": "0.2.2",
      "resolved": "https://registry.npmjs.org/typed-array-utils/-/typed-array-utils-0.2.2.tgz",
      "integrity": "sha512-xq2oNAgDAZKsmzu7KQXDe9cLKiOYZn+6h5VMzcg1BmiiGPlCxMu1mh+tiWzydfIFGdNBs8/WS78ZPkTdHhnxlg=="
    },
    "typescript": {
      "version": "4.2.2",
      "resolved": "https://registry.npmjs.org/typescript/-/typescript-4.2.2.tgz",
      "integrity": "sha512-tbb+NVrLfnsJy3M59lsDgrzWIflR4d4TIUjz+heUnHZwdF7YsrMTKoRERiIvI2lvBG95dfpLxB21WZhys1bgaQ==",
      "dev": true
    },
    "uuid-class": {
      "version": "0.12.3",
      "resolved": "https://registry.npmjs.org/uuid-class/-/uuid-class-0.12.3.tgz",
      "integrity": "sha512-3abIxjBzDw9hh7gyf6IiIctCRdYEhJiYp4KldsbLvt4aVQVIQF9xu8pLqBS44QI2qiS3F+MydAqqNqXXe0wKcw==",
      "requires": {
        "typed-array-utils": "^0.2.2"
      }
    }
  }
}
